// !$*UTF8*$!
{
	archiveVersion = 1;
	classes = {
	};
	objectVersion = 77;
	objects = {

/* Begin PBXBuildFile section */
		6C10F86D2E2F84D000B88859 /* FirebaseAuth in Frameworks */ = {isa = PBXBuildFile; productRef = 6C10F86C2E2F84D000B88859 /* FirebaseAuth */; };
		6C10F86F2E2F84D000B88859 /* FirebaseFirestore in Frameworks */ = {isa = PBXBuildFile; productRef = 6C10F86E2E2F84D000B88859 /* FirebaseFirestore */; };
		6C10F8712E2F84D000B88859 /* FirebaseFirestoreSwift in Frameworks */ = {isa = PBXBuildFile; productRef = 6C10F8702E2F84D000B88859 /* FirebaseFirestoreSwift */; };
		6C10F8732E2F84D000B88859 /* FirebaseStorage in Frameworks */ = {isa = PBXBuildFile; productRef = 6C10F8722E2F84D000B88859 /* FirebaseStorage */; };
/* End PBXBuildFile section */

/* Begin PBXContainerItemProxy section */
		6C10F70F2D8D776A00B88859 /* PBXContainerItemProxy */ = {
			isa = PBXContainerItemProxy;
			containerPortal = 6C10F6F92D8D776900B88859 /* Project object */;
			proxyType = 1;
			remoteGlobalIDString = 6C10F7002D8D776900B88859;
			remoteInfo = StrayBase;
		};
		6C10F7192D8D776A00B88859 /* PBXContainerItemProxy */ = {
			isa = PBXContainerItemProxy;
			containerPortal = 6C10F6F92D8D776900B88859 /* Project object */;
			proxyType = 1;
			remoteGlobalIDString = 6C10F7002D8D776900B88859;
			remoteInfo = StrayBase;
		};
/* End PBXContainerItemProxy section */

/* Begin PBXFileReference section */
		6C10F7012D8D776900B88859 /* StrayBase.app */ = {isa = PBXFileReference; explicitFileType = wrapper.application; includeInIndex = 0; path = StrayBase.app; sourceTree = BUILT_PRODUCTS_DIR; };
		6C10F70E2D8D776A00B88859 /* StrayBaseTests.xctest */ = {isa = PBXFileReference; explicitFileType = wrapper.cfbundle; includeInIndex = 0; path = StrayBaseTests.xctest; sourceTree = BUILT_PRODUCTS_DIR; };
		6C10F7182D8D776A00B88859 /* StrayBaseUITests.xctest */ = {isa = PBXFileReference; explicitFileType = wrapper.cfbundle; includeInIndex = 0; path = StrayBaseUITests.xctest; sourceTree = BUILT_PRODUCTS_DIR; };
/* End PBXFileReference section */

/* Begin PBXFileSystemSynchronizedRootGroup section */
		6C10F7032D8D776900B88859 /* StrayBase */ = {
			isa = PBXFileSystemSynchronizedRootGroup;
			path = StrayBase;
			sourceTree = "<group>";
		};
		6C10F7112D8D776A00B88859 /* StrayBaseTests */ = {
			isa = PBXFileSystemSynchronizedRootGroup;
			path = StrayBaseTests;
			sourceTree = "<group>";
		};
		6C10F71B2D8D776A00B88859 /* StrayBaseUITests */ = {
			isa = PBXFileSystemSynchronizedRootGroup;
			path = StrayBaseUITests;
			sourceTree = "<group>";
		};
/* End PBXFileSystemSynchronizedRootGroup section */

/* Begin PBXFrameworksBuildPhase section */
		6C10F6FE2D8D776900B88859 /* Frameworks */ = {
			isa = PBXFrameworksBuildPhase;
			buildActionMask = 2147483647;
			files = (
				6C10F86D2E2F84D000B88859 /* FirebaseAuth in Frameworks */,
				6C10F8732E2F84D000B88859 /* FirebaseStorage in Frameworks */,
				6C10F86F2E2F84D000B88859 /* FirebaseFirestore in Frameworks */,
				6C10F8712E2F84D000B88859 /* FirebaseFirestoreSwift in Frameworks */,
			);
			runOnlyForDeploymentPostprocessing = 0;
		};
		6C10F70B2D8D776A00B88859 /* Frameworks */ = {
			isa = PBXFrameworksBuildPhase;
			buildActionMask = 2147483647;
			files = (
			);
			runOnlyForDeploymentPostprocessing = 0;
		};
		6C10F7152D8D776A00B88859 /* Frameworks */ = {
			isa = PBXFrameworksBuildPhase;
			buildActionMask = 2147483647;
			files = (
			);
			runOnlyForDeploymentPostprocessing = 0;
		};
/* End PBXFrameworksBuildPhase section */

/* Begin PBXGroup section */
		6C10F6F82D8D776900B88859 = {
			isa = PBXGroup;
			children = (
				6C10F7032D8D776900B88859 /* StrayBase */,
				6C10F7112D8D776A00B88859 /* StrayBaseTests */,
				6C10F71B2D8D776A00B88859 /* StrayBaseUITests */,
				6C10F7022D8D776900B88859 /* Products */,
			);
			sourceTree = "<group>";
		};
		6C10F7022D8D776900B88859 /* Products */ = {
			isa = PBXGroup;
			children = (
				6C10F7012D8D776900B88859 /* StrayBase.app */,
				6C10F70E2D8D776A00B88859 /* StrayBaseTests.xctest */,
				6C10F7182D8D776A00B88859 /* StrayBaseUITests.xctest */,
			);
			name = Products;
			sourceTree = "<group>";
		};
/* End PBXGroup section */

/* Begin PBXNativeTarget section */
		6C10F7002D8D776900B88859 /* StrayBase */ = {
			isa = PBXNativeTarget;
			buildConfigurationList = 6C10F7222D8D776A00B88859 /* Build configuration list for PBXNativeTarget "StrayBase" */;
			buildPhases = (
				6C10F6FD2D8D776900B88859 /* Sources */,
				6C10F6FE2D8D776900B88859 /* Frameworks */,
				6C10F6FF2D8D776900B88859 /* Resources */,
			);
			buildRules = (
			);
			dependencies = (
			);
			fileSystemSynchronizedGroups = (
				6C10F7032D8D776900B88859 /* StrayBase */,
			);
			name = StrayBase;
			packageProductDependencies = (
				6C10F86C2E2F84D000B88859 /* FirebaseAuth */,
				6C10F86E2E2F84D000B88859 /* FirebaseFirestore */,
				6C10F8702E2F84D000B88859 /* FirebaseFirestoreSwift */,
				6C10F8722E2F84D000B88859 /* FirebaseStorage */,
			);
			productName = StrayBase;
			productReference = 6C10F7012D8D776900B88859 /* StrayBase.app */;
			productType = "com.apple.product-type.application";
		};
		6C10F70D2D8D776A00B88859 /* StrayBaseTests */ = {
			isa = PBXNativeTarget;
			buildConfigurationList = 6C10F7252D8D776A00B88859 /* Build configuration list for PBXNativeTarget "StrayBaseTests" */;
			buildPhases = (
				6C10F70A2D8D776A00B88859 /* Sources */,
				6C10F70B2D8D776A00B88859 /* Frameworks */,
				6C10F70C2D8D776A00B88859 /* Resources */,
			);
			buildRules = (
			);
			dependencies = (
				6C10F7102D8D776A00B88859 /* PBXTargetDependency */,
			);
			fileSystemSynchronizedGroups = (
				6C10F7112D8D776A00B88859 /* StrayBaseTests */,
			);
			name = StrayBaseTests;
			packageProductDependencies = (
			);
			productName = StrayBaseTests;
			productReference = 6C10F70E2D8D776A00B88859 /* StrayBaseTests.xctest */;
			productType = "com.apple.product-type.bundle.unit-test";
		};
		6C10F7172D8D776A00B88859 /* StrayBaseUITests */ = {
			isa = PBXNativeTarget;
			buildConfigurationList = 6C10F7282D8D776A00B88859 /* Build configuration list for PBXNativeTarget "StrayBaseUITests" */;
			buildPhases = (
				6C10F7142D8D776A00B88859 /* Sources */,
				6C10F7152D8D776A00B88859 /* Frameworks */,
				6C10F7162D8D776A00B88859 /* Resources */,
			);
			buildRules = (
			);
			dependencies = (
				6C10F71A2D8D776A00B88859 /* PBXTargetDependency */,
			);
			fileSystemSynchronizedGroups = (
				6C10F71B2D8D776A00B88859 /* StrayBaseUITests */,
			);
			name = StrayBaseUITests;
			packageProductDependencies = (
			);
			productName = StrayBaseUITests;
			productReference = 6C10F7182D8D776A00B88859 /* StrayBaseUITests.xctest */;
			productType = "com.apple.product-type.bundle.ui-testing";
		};
/* End PBXNativeTarget section */

/* Begin PBXProject section */
		6C10F6F92D8D776900B88859 /* Project object */ = {
			isa = PBXProject;
			attributes = {
				BuildIndependentTargetsInParallel = 1;
				LastSwiftUpdateCheck = 1640;
				LastUpgradeCheck = 1640;
				TargetAttributes = {
					6C10F7002D8D776900B88859 = {
						CreatedOnToolsVersion = 16.4;
					};
					6C10F70D2D8D776A00B88859 = {
						CreatedOnToolsVersion = 16.4;
						TestTargetID = 6C10F7002D8D776900B88859;
					};
					6C10F7172D8D776A00B88859 = {
						CreatedOnToolsVersion = 16.4;
						TestTargetID = 6C10F7002D8D776900B88859;
					};
				};
			};
			buildConfigurationList = 6C10F6FC2D8D776900B88859 /* Build configuration list for PBXProject "StrayBase" */;
			developmentRegion = en;
			hasScannedForEncodings = 0;
			knownRegions = (
				en,
				Base,
			);
			mainGroup = 6C10F6F82D8D776900B88859;
			minimizedProjectReferenceProxies = 1;
			packageReferences = (
				6C10F86B2E2F84D000B88859 /* XCRemoteSwiftPackageReference "firebase-ios-sdk" */,
			);
			preferredProjectObjectVersion = 77;
			productRefGroup = 6C10F7022D8D776900B88859 /* Products */;
			projectDirPath = "";
			projectRoot = "";
			targets = (
				6C10F7002D8D776900B88859 /* StrayBase */,
				6C10F70D2D8D776A00B88859 /* StrayBaseTests */,
				6C10F7172D8D776A00B88859 /* StrayBaseUITests */,
			);
		};
/* End PBXProject section */

/* Begin PBXResourcesBuildPhase section */
		6C10F6FF2D8D776900B88859 /* Resources */ = {
			isa = PBXResourcesBuildPhase;
			buildActionMask = 2147483647;
			files = (
			);
			runOnlyForDeploymentPostprocessing = 0;
		};
		6C10F70C2D8D776A00B88859 /* Resources */ = {
			isa = PBXResourcesBuildPhase;
			buildActionMask = 2147483647;
			files = (
			);
			runOnlyForDeploymentPostprocessing = 0;
		};
		6C10F7162D8D776A00B88859 /* Resources */ = {
			isa = PBXResourcesBuildPhase;
			buildActionMask = 2147483647;
			files = (
			);
			runOnlyForDeploymentPostprocessing = 0;
		};
/* End PBXResourcesBuildPhase section */

/* Begin PBXSourcesBuildPhase section */
		6C10F6FD2D8D776900B88859 /* Sources */ = {
			isa = PBXSourcesBuildPhase;
			buildActionMask = 2147483647;
			files = (
			);
			runOnlyForDeploymentPostprocessing = 0;
		};
		6C10F70A2D8D776A00B88859 /* Sources */ = {
			isa = PBXSourcesBuildPhase;
			buildActionMask = 2147483647;
			files = (
			);
			runOnlyForDeploymentPostprocessing = 0;
		};
		6C10F7142D8D776A00B88859 /* Sources */ = {
			isa = PBXSourcesBuildPhase;
			buildActionMask = 2147483647;
			files = (
			);
			runOnlyForDeploymentPostprocessing = 0;
		};
/* End PBXSourcesBuildPhase section */

/* Begin PBXTargetDependency section */
		6C10F7102D8D776A00B88859 /* PBXTargetDependency */ = {
			isa = PBXTargetDependency;
			target = 6C10F7002D8D776900B88859 /* StrayBase */;
			targetProxy = 6C10F70F2D8D776A00B88859 /* PBXContainerItemProxy */;
		};
		6C10F71A2D8D776A00B88859 /* PBXTargetDependency */ = {
			isa = PBXTargetDependency;
			target = 6C10F7002D8D776900B88859 /* StrayBase */;
			targetProxy = 6C10F7192D8D776A00B88859 /* PBXContainerItemProxy */;
		};
/* End PBXTargetDependency section */

/* Begin XCBuildConfiguration section */
		6C10F7202D8D776A00B88859 /* Debug */ = {
			isa = XCBuildConfiguration;
			buildSettings = {
				ALWAYS_SEARCH_USER_PATHS = NO;
				ASSETCATALOG_COMPILER_GENERATE_SWIFT_ASSET_SYMBOL_EXTENSIONS = YES;
				CLANG_ANALYZER_NONNULL = YES;
				CLANG_ANALYZER_NUMBER_OBJECT_CONVERSION = YES_AGGRESSIVE;
				CLANG_CXX_LANGUAGE_STANDARD = "gnu++20";
				CLANG_ENABLE_MODULES = YES;
				CLANG_ENABLE_OBJC_ARC = YES;
				CLANG_ENABLE_OBJC_WEAK = YES;
				CLANG_WARN_BLOCK_CAPTURE_AUTORELEASING = YES;
				CLANG_WARN_BOOL_CONVERSION = YES;
				CLANG_WARN_COMMA = YES;
				CLANG_WARN_CONSTANT_CONVERSION = YES;
				CLANG_WARN_DEPRECATED_OBJC_IMPLEMENTATIONS = YES;
				CLANG_WARN_DIRECT_OBJC_ISA_USAGE = YES_ERROR;
				CLANG_WARN_DOCUMENTATION_COMMENTS = YES;
				CLANG_WARN_EMPTY_BODY = YES;
				CLANG_WARN_ENUM_CONVERSION = YES;
				CLANG_WARN_INFINITE_RECURSION = YES;
				CLANG_WARN_INT_CONVERSION = YES;
				CLANG_WARN_NON_LITERAL_NULL_CONVERSION = YES;
				CLANG_WARN_OBJC_IMPLICIT_RETAIN_SELF = YES;
				CLANG_WARN_OBJC_LITERAL_CONVERSION = YES;
				CLANG_WARN_OBJC_ROOT_CLASS = YES_ERROR;
				CLANG_WARN_QUOTED_INCLUDE_IN_FRAMEWORK_HEADER = YES;
				CLANG_WARN_RANGE_LOOP_ANALYSIS = YES;
				CLANG_WARN_STRICT_PROTOTYPES = YES;
				CLANG_WARN_SUSPICIOUS_MOVE = YES;
				CLANG_WARN_UNGUARDED_AVAILABILITY = YES_AGGRESSIVE;
				CLANG_WARN_UNREACHABLE_CODE = YES;
				CLANG_WARN__DUPLICATE_METHOD_MATCH = YES;
				COPY_PHASE_STRIP = NO;
				DEBUG_INFORMATION_FORMAT = dwarf;
				ENABLE_STRICT_OBJC_MSGSEND = YES;
				ENABLE_TESTABILITY = YES;
				ENABLE_USER_SCRIPT_SANDBOXING = YES;
				GCC_C_LANGUAGE_STANDARD = gnu17;
				GCC_DYNAMIC_NO_PIC = NO;
				GCC_NO_COMMON_BLOCKS = YES;
				GCC_OPTIMIZATION_LEVEL = 0;
				GCC_PREPROCESSOR_DEFINITIONS = (
					"DEBUG=1",
					"$(inherited)",
				);
				GCC_WARN_64_TO_32_BIT_CONVERSION = YES;
				GCC_WARN_ABOUT_RETURN_TYPE = YES_ERROR;
				GCC_WARN_UNDECLARED_SELECTOR = YES;
				GCC_WARN_UNINITIALIZED_AUTOS = YES_AGGRESSIVE;
				GCC_WARN_UNUSED_FUNCTION = YES;
				GCC_WARN_UNUSED_VARIABLE = YES;
				IPHONEOS_DEPLOYMENT_TARGET = 18.5;
				LOCALIZATION_PREFERS_STRING_CATALOGS = YES;
				MTL_ENABLE_DEBUG_INFO = INCLUDE_SOURCE;
				MTL_FAST_MATH = YES;
				ONLY_ACTIVE_ARCH = YES;
				SDKROOT = iphoneos;
				SWIFT_ACTIVE_COMPILATION_CONDITIONS = "DEBUG $(inherited)";
				SWIFT_OPTIMIZATION_LEVEL = "-Onone";
			};
			name = Debug;
		};
		6C10F7212D8D776A00B88859 /* Release */ = {
			isa = XCBuildConfiguration;
			buildSettings = {
				ALWAYS_SEARCH_USER_PATHS = NO;
				ASSETCATALOG_COMPILER_GENERATE_SWIFT_ASSET_SYMBOL_EXTENSIONS = YES;
				CLANG_ANALYZER_NONNULL = YES;
				CLANG_ANALYZER_NUMBER_OBJECT_CONVERSION = YES_AGGRESSIVE;
				CLANG_CXX_LANGUAGE_STANDARD = "gnu++20";
				CLANG_ENABLE_MODULES = YES;
				CLANG_ENABLE_OBJC_ARC = YES;
				CLANG_ENABLE_OBJC_WEAK = YES;
				CLANG_WARN_BLOCK_CAPTURE_AUTORELEASING = YES;
				CLANG_WARN_BOOL_CONVERSION = YES;
				CLANG_WARN_COMMA = YES;
				CLANG_WARN_CONSTANT_CONVERSION = YES;
				CLANG_WARN_DEPRECATED_OBJC_IMPLEMENTATIONS = YES;
				CLANG_WARN_DIRECT_OBJC_ISA_USAGE = YES_ERROR;
				CLANG_WARN_DOCUMENTATION_COMMENTS = YES;
				CLANG_WARN_EMPTY_BODY = YES;
				CLANG_WARN_ENUM_CONVERSION = YES;
				CLANG_WARN_INFINITE_RECURSION = YES;
				CLANG_WARN_INT_CONVERSION = YES;
				CLANG_WARN_NON_LITERAL_NULL_CONVERSION = YES;
				CLANG_WARN_OBJC_IMPLICIT_RETAIN_SELF = YES;
				CLANG_WARN_OBJC_LITERAL_CONVERSION = YES;
				CLANG_WARN_OBJC_ROOT_CLASS = YES_ERROR;
				CLANG_WARN_QUOTED_INCLUDE_IN_FRAMEWORK_HEADER = YES;
				CLANG_WARN_RANGE_LOOP_ANALYSIS = YES;
				CLANG_WARN_STRICT_PROTOTYPES = YES;
				CLANG_WARN_SUSPICIOUS_MOVE = YES;
				CLANG_WARN_UNGUARDED_AVAILABILITY = YES_AGGRESSIVE;
				CLANG_WARN_UNREACHABLE_CODE = YES;
				CLANG_WARN__DUPLICATE_METHOD_MATCH = YES;
				COPY_PHASE_STRIP = NO;
				DEBUG_INFORMATION_FORMAT = "dwarf-with-dsym";
				ENABLE_NS_ASSERTIONS = NO;
				ENABLE_STRICT_OBJC_MSGSEND = YES;
				ENABLE_USER_SCRIPT_SANDBOXING = YES;
				GCC_C_LANGUAGE_STANDARD = gnu17;
				GCC_NO_COMMON_BLOCKS = YES;
				GCC_WARN_64_TO_32_BIT_CONVERSION = YES;
				GCC_WARN_ABOUT_RETURN_TYPE = YES_ERROR;
				GCC_WARN_UNDECLARED_SELECTOR = YES;
				GCC_WARN_UNINITIALIZED_AUTOS = YES_AGGRESSIVE;
				GCC_WARN_UNUSED_FUNCTION = YES;
				GCC_WARN_UNUSED_VARIABLE = YES;
				IPHONEOS_DEPLOYMENT_TARGET = 18.5;
				LOCALIZATION_PREFERS_STRING_CATALOGS = YES;
				MTL_ENABLE_DEBUG_INFO = NO;
				MTL_FAST_MATH = YES;
				SDKROOT = iphoneos;
				SWIFT_COMPILATION_MODE = wholemodule;
				VALIDATE_PRODUCT = YES;
			};
			name = Release;
		};
		6C10F7232D8D776A00B88859 /* Debug */ = {
			isa = XCBuildConfiguration;
			buildSettings = {
				ASSETCATALOG_COMPILER_APPICON_NAME = AppIcon;
				ASSETCATALOG_COMPILER_GLOBAL_ACCENT_COLOR_NAME = AccentColor;
				CODE_SIGN_STYLE = Automatic;
				CURRENT_PROJECT_VERSION = 1;
				ENABLE_PREVIEWS = YES;
				GENERATE_INFOPLIST_FILE = YES;
				INFOPLIST_KEY_UIApplicationSceneManifest_Generation = YES;
				INFOPLIST_KEY_UIApplicationSupportsIndirectInputEvents = YES;
				INFOPLIST_KEY_UILaunchScreen_Generation = YES;
				INFOPLIST_KEY_UISupportedInterfaceOrientations_iPad = "UIInterfaceOrientationPortrait UIInterfaceOrientationPortraitUpsideDown UIInterfaceOrientationLandscapeLeft UIInterfaceOrientationLandscapeRight";
				INFOPLIST_KEY_UISupportedInterfaceOrientations_iPhone = "UIInterfaceOrientationPortrait UIInterfaceOrientationLandscapeLeft UIInterfaceOrientationLandscapeRight";
				LD_RUNPATH_SEARCH_PATHS = (
					"$(inherited)",
					"@executable_path/Frameworks",
				);
				MARKETING_VERSION = 1.0;
				PRODUCT_BUNDLE_IDENTIFIER = freeuni.StrayBase;
				PRODUCT_NAME = "$(TARGET_NAME)";
				SWIFT_EMIT_LOC_STRINGS = YES;
				SWIFT_VERSION = 5.0;
				TARGETED_DEVICE_FAMILY = "1,2";
			};
			name = Debug;
		};
		6C10F7242D8D776A00B88859 /* Release */ = {
			isa = XCBuildConfiguration;
			buildSettings = {
				ASSETCATALOG_COMPILER_APPICON_NAME = AppIcon;
				ASSETCATALOG_COMPILER_GLOBAL_ACCENT_COLOR_NAME = AccentColor;
				CODE_SIGN_STYLE = Automatic;
				CURRENT_PROJECT_VERSION = 1;
				ENABLE_PREVIEWS = YES;
				GENERATE_INFOPLIST_FILE = YES;
				INFOPLIST_KEY_UIApplicationSceneManifest_Generation = YES;
				INFOPLIST_KEY_UIApplicationSupportsIndirectInputEvents = YES;
				INFOPLIST_KEY_UILaunchScreen_Generation = YES;
				INFOPLIST_KEY_UISupportedInterfaceOrientations_iPad = "UIInterfaceOrientationPortrait UIInterfaceOrientationPortraitUpsideDown UIInterfaceOrientationLandscapeLeft UIInterfaceOrientationLandscapeRight";
				INFOPLIST_KEY_UISupportedInterfaceOrientations_iPhone = "UIInterfaceOrientationPortrait UIInterfaceOrientationLandscapeLeft UIInterfaceOrientationLandscapeRight";
				LD_RUNPATH_SEARCH_PATHS = (
					"$(inherited)",
					"@executable_path/Frameworks",
				);
				MARKETING_VERSION = 1.0;
				PRODUCT_BUNDLE_IDENTIFIER = freeuni.StrayBase;
				PRODUCT_NAME = "$(TARGET_NAME)";
				SWIFT_EMIT_LOC_STRINGS = YES;
				SWIFT_VERSION = 5.0;
				TARGETED_DEVICE_FAMILY = "1,2";
			};
			name = Release;
		};
		6C10F7262D8D776A00B88859 /* Debug */ = {
			isa = XCBuildConfiguration;
			buildSettings = {
				BUNDLE_LOADER = "$(TEST_HOST)";
				CODE_SIGN_STYLE = Automatic;
				CURRENT_PROJECT_VERSION = 1;
				GENERATE_INFOPLIST_FILE = YES;
				IPHONEOS_DEPLOYMENT_TARGET = 18.5;
				MARKETING_VERSION = 1.0;
				PRODUCT_BUNDLE_IDENTIFIER = freeuni.StrayBaseTests;
				PRODUCT_NAME = "$(TARGET_NAME)";
				SWIFT_EMIT_LOC_STRINGS = NO;
				SWIFT_VERSION = 5.0;
				TARGETED_DEVICE_FAMILY = "1,2";
				TEST_HOST = "$(BUILT_PRODUCTS_DIR)/StrayBase.app/$(BUNDLE_EXECUTABLE_FOLDER_PATH)/StrayBase";
			};
			name = Debug;
		};
		6C10F7272D8D776A00B88859 /* Release */ = {
			isa = XCBuildConfiguration;
			buildSettings = {
				BUNDLE_LOADER = "$(TEST_HOST)";
				CODE_SIGN_STYLE = Automatic;
				CURRENT_PROJECT_VERSION = 1;
				GENERATE_INFOPLIST_FILE = YES;
				IPHONEOS_DEPLOYMENT_TARGET = 18.5;
				MARKETING_VERSION = 1.0;
				PRODUCT_BUNDLE_IDENTIFIER = freeuni.StrayBaseTests;
				PRODUCT_NAME = "$(TARGET_NAME)";
				SWIFT_EMIT_LOC_STRINGS = NO;
				SWIFT_VERSION = 5.0;
				TARGETED_DEVICE_FAMILY = "1,2";
				TEST_HOST = "$(BUILT_PRODUCTS_DIR)/StrayBase.app/$(BUNDLE_EXECUTABLE_FOLDER_PATH)/StrayBase";
			};
			name = Release;
		};
		6C10F7292D8D776A00B88859 /* Debug */ = {
			isa = XCBuildConfiguration;
			buildSettings = {
				CODE_SIGN_STYLE = Automatic;
				CURRENT_PROJECT_VERSION = 1;
				GENERATE_INFOPLIST_FILE = YES;
				MARKETING_VERSION = 1.0;
				PRODUCT_BUNDLE_IDENTIFIER = freeuni.StrayBaseUITests;
				PRODUCT_NAME = "$(TARGET_NAME)";
				SWIFT_EMIT_LOC_STRINGS = NO;
				SWIFT_VERSION = 5.0;
				TARGETED_DEVICE_FAMILY = "1,2";
				TEST_TARGET_NAME = StrayBase;
			};
			name = Debug;
		};
		6C10F72A2D8D776A00B88859 /* Release */ = {
			isa = XCBuildConfiguration;
			buildSettings = {
				CODE_SIGN_STYLE = Automatic;
				CURRENT_PROJECT_VERSION = 1;
				GENERATE_INFOPLIST_FILE = YES;
				MARKETING_VERSION = 1.0;
				PRODUCT_BUNDLE_IDENTIFIER = freeuni.StrayBaseUITests;
				PRODUCT_NAME = "$(TARGET_NAME)";
				SWIFT_EMIT_LOC_STRINGS = NO;
				SWIFT_VERSION = 5.0;
				TARGETED_DEVICE_FAMILY = "1,2";
				TEST_TARGET_NAME = StrayBase;
			};
			name = Release;
		};
/* End XCBuildConfiguration section */

/* Begin XCConfigurationList section */
		6C10F6FC2D8D776900B88859 /* Build configuration list for PBXProject "StrayBase" */ = {
			isa = XCConfigurationList;
			buildConfigurations = (
				6C10F7202D8D776A00B88859 /* Debug */,
				6C10F7212D8D776A00B88859 /* Release */,
			);
			defaultConfigurationIsVisible = 0;
			defaultConfigurationName = Release;
		};
		6C10F7222D8D776A00B88859 /* Build configuration list for PBXNativeTarget "StrayBase" */ = {
			isa = XCConfigurationList;
			buildConfigurations = (
				6C10F7232D8D776A00B88859 /* Debug */,
				6C10F7242D8D776A00B88859 /* Release */,
			);
			defaultConfigurationIsVisible = 0;
			defaultConfigurationName = Release;
		};
		6C10F7252D8D776A00B88859 /* Build configuration list for PBXNativeTarget "StrayBaseTests" */ = {
			isa = XCConfigurationList;
			buildConfigurations = (
				6C10F7262D8D776A00B88859 /* Debug */,
				6C10F7272D8D776A00B88859 /* Release */,
			);
			defaultConfigurationIsVisible = 0;
			defaultConfigurationName = Release;
		};
		6C10F7282D8D776A00B88859 /* Build configuration list for PBXNativeTarget "StrayBaseUITests" */ = {
			isa = XCConfigurationList;
			buildConfigurations = (
				6C10F7292D8D776A00B88859 /* Debug */,
				6C10F72A2D8D776A00B88859 /* Release */,
			);
			defaultConfigurationIsVisible = 0;
			defaultConfigurationName = Release;
		};
/* End XCConfigurationList section */

/* Begin XCRemoteSwiftPackageReference section */
		6C10F86B2E2F84D000B88859 /* XCRemoteSwiftPackageReference "firebase-ios-sdk" */ = {
			isa = XCRemoteSwiftPackageReference;
			repositoryURL = "https://github.com/firebase/firebase-ios-sdk";
			requirement = {
				kind = upToNextMajorVersion;
				minimumVersion = 10.0.0;
			};
		};
/* End XCRemoteSwiftPackageReference section */

/* Begin XCSwiftPackageProductDependency section */
		6C10F86C2E2F84D000B88859 /* FirebaseAuth */ = {
			isa = XCSwiftPackageProductDependency;
			package = 6C10F86B2E2F84D000B88859 /* XCRemoteSwiftPackageReference "firebase-ios-sdk" */;
			productName = FirebaseAuth;
		};
		6C10F86E2E2F84D000B88859 /* FirebaseFirestore */ = {
			isa = XCSwiftPackageProductDependency;
			package = 6C10F86B2E2F84D000B88859 /* XCRemoteSwiftPackageReference "firebase-ios-sdk" */;
			productName = FirebaseFirestore;
		};
		6C10F8702E2F84D000B88859 /* FirebaseFirestoreSwift */ = {
			isa = XCSwiftPackageProductDependency;
			package = 6C10F86B2E2F84D000B88859 /* XCRemoteSwiftPackageReference "firebase-ios-sdk" */;
			productName = FirebaseFirestoreSwift;
		};
		6C10F8722E2F84D000B88859 /* FirebaseStorage */ = {
			isa = XCSwiftPackageProductDependency;
			package = 6C10F86B2E2F84D000B88859 /* XCRemoteSwiftPackageReference "firebase-ios-sdk" */;
			productName = FirebaseStorage;
		};
/* End XCSwiftPackageProductDependency section */
	};
	rootObject = 6C10F6F92D8D776900B88859 /* Project object */;
}
